
Microsoft Visual Studio Solution File, Format Version 12.00
# Visual Studio 15
VisualStudioVersion = 15.0.27130.2010
MinimumVisualStudioVersion = 10.0.40219.1
Project("{8BC9CEB8-8B4A-11D0-8D11-00A0C91BC942}") = "MultGNSS", "MGSS\MGSS.vcxproj", "{80679272-BF17-405B-B012-E2EF2F1D8DEF}"
EndProject
Global
	GlobalSection(SolutionConfigurationPlatforms) = preSolution
		Debug|x86 = Debug|x86
		Release|x86 = Release|x86
	EndGlobalSection
	GlobalSection(ProjectConfigurationPlatforms) = postSolution
		{80679272-BF17-405B-B012-E2EF2F1D8DEF}.Debug|x86.ActiveCfg = Debug|Win32
		{80679272-BF17-405B-B012-E2EF2F1D8DEF}.Debug|x86.Build.0 = Debug|Win32
		{80679272-BF17-405B-B012-E2EF2F1D8DEF}.Release|x86.ActiveCfg = Release|Win32
		{80679272-BF17-405B-B012-E2EF2F1D8DEF}.Release|x86.Build.0 = Release|Win32
	EndGlobalSection
	GlobalSection(SolutionProperties) = preSolution
		HideSolutionNode = FALSE
	EndGlobalSection
	GlobalSection(ExtensibilityGlobals) = postSolution
		SolutionGuid = {9467C602-6841-4CB6-99A0-814E773B016E}
	EndGlobalSection
EndGlobal
